// !$*UTF8*$!
{
	archiveVersion = 1;
	classes = {
	};
	objectVersion = 50;
	objects = {

/* Begin PBXBuildFile section */
		6804A3280EEF2DEAFF87F51B /* Pods_Artable2.framework in Frameworks */ = {isa = PBXBuildFile; fileRef = F0A5859CCA9CB3EF915A5054 /* Pods_Artable2.framework */; };
		982E6F1425267D13008B12FB /* AppDelegate.swift in Sources */ = {isa = PBXBuildFile; fileRef = 982E6F1325267D13008B12FB /* AppDelegate.swift */; };
		982E6F1625267D13008B12FB /* SceneDelegate.swift in Sources */ = {isa = PBXBuildFile; fileRef = 982E6F1525267D13008B12FB /* SceneDelegate.swift */; };
		982E6F1825267D13008B12FB /* ViewController.swift in Sources */ = {isa = PBXBuildFile; fileRef = 982E6F1725267D13008B12FB /* ViewController.swift */; };
		982E6F1B25267D13008B12FB /* Main.storyboard in Resources */ = {isa = PBXBuildFile; fileRef = 982E6F1925267D13008B12FB /* Main.storyboard */; };
		982E6F1D25267D14008B12FB /* Assets.xcassets in Resources */ = {isa = PBXBuildFile; fileRef = 982E6F1C25267D14008B12FB /* Assets.xcassets */; };
		982E6F2025267D14008B12FB /* LaunchScreen.storyboard in Resources */ = {isa = PBXBuildFile; fileRef = 982E6F1E25267D14008B12FB /* LaunchScreen.storyboard */; };
/* End PBXBuildFile section */

/* Begin PBXFileReference section */
		982E6F1025267D13008B12FB /* Artable2.app */ = {isa = PBXFileReference; explicitFileType = wrapper.application; includeInIndex = 0; path = Artable2.app; sourceTree = BUILT_PRODUCTS_DIR; };
		982E6F1325267D13008B12FB /* AppDelegate.swift */ = {isa = PBXFileReference; lastKnownFileType = sourcecode.swift; path = AppDelegate.swift; sourceTree = "<group>"; };
		982E6F1525267D13008B12FB /* SceneDelegate.swift */ = {isa = PBXFileReference; lastKnownFileType = sourcecode.swift; path = SceneDelegate.swift; sourceTree = "<group>"; };
		982E6F1725267D13008B12FB /* ViewController.swift */ = {isa = PBXFileReference; lastKnownFileType = sourcecode.swift; path = ViewController.swift; sourceTree = "<group>"; };
		982E6F1A25267D13008B12FB /* Base */ = {isa = PBXFileReference; lastKnownFileType = file.storyboard; name = Base; path = Base.lproj/Main.storyboard; sourceTree = "<group>"; };
		982E6F1C25267D14008B12FB /* Assets.xcassets */ = {isa = PBXFileReference; lastKnownFileType = folder.assetcatalog; path = Assets.xcassets; sourceTree = "<group>"; };
		982E6F1F25267D14008B12FB /* Base */ = {isa = PBXFileReference; lastKnownFileType = file.storyboard; name = Base; path = Base.lproj/LaunchScreen.storyboard; sourceTree = "<group>"; };
		982E6F2125267D14008B12FB /* Info.plist */ = {isa = PBXFileReference; lastKnownFileType = text.plist.xml; path = Info.plist; sourceTree = "<group>"; };
		A20B0E187337081BBB5BAE61 /* Pods-Artable2.debug.xcconfig */ = {isa = PBXFileReference; includeInIndex = 1; lastKnownFileType = text.xcconfig; name = "Pods-Artable2.debug.xcconfig"; path = "Target Support Files/Pods-Artable2/Pods-Artable2.debug.xcconfig"; sourceTree = "<group>"; };
		AE60044F0271FAC491482FBE /* Pods-Artable2.release.xcconfig */ = {isa = PBXFileReference; includeInIndex = 1; lastKnownFileType = text.xcconfig; name = "Pods-Artable2.release.xcconfig"; path = "Target Support Files/Pods-Artable2/Pods-Artable2.release.xcconfig"; sourceTree = "<group>"; };
		F0A5859CCA9CB3EF915A5054 /* Pods_Artable2.framework */ = {isa = PBXFileReference; explicitFileType = wrapper.framework; includeInIndex = 0; path = Pods_Artable2.framework; sourceTree = BUILT_PRODUCTS_DIR; };
/* End PBXFileReference section */

/* Begin PBXFrameworksBuildPhase section */
		982E6F0D25267D13008B12FB /* Frameworks */ = {
			isa = PBXFrameworksBuildPhase;
			buildActionMask = 2147483647;
			files = (
				6804A3280EEF2DEAFF87F51B /* Pods_Artable2.framework in Frameworks */,
			);
			runOnlyForDeploymentPostprocessing = 0;
		};
/* End PBXFrameworksBuildPhase section */

/* Begin PBXGroup section */
		0F12021E9C6F6721259264C3 /* Pods */ = {
			isa = PBXGroup;
			children = (
				A20B0E187337081BBB5BAE61 /* Pods-Artable2.debug.xcconfig */,
				AE60044F0271FAC491482FBE /* Pods-Artable2.release.xcconfig */,
			);
			name = Pods;
			path = Pods;
			sourceTree = "<group>";
		};
		2D1CFEFB5F7F77F98F283723 /* Frameworks */ = {
			isa = PBXGroup;
			children = (
				F0A5859CCA9CB3EF915A5054 /* Pods_Artable2.framework */,
			);
			name = Frameworks;
			sourceTree = "<group>";
		};
		982E6F0725267D13008B12FB = {
			isa = PBXGroup;
			children = (
				982E6F1225267D13008B12FB /* Artable2 */,
				982E6F1125267D13008B12FB /* Products */,
				0F12021E9C6F6721259264C3 /* Pods */,
				2D1CFEFB5F7F77F98F283723 /* Frameworks */,
			);
			sourceTree = "<group>";
		};
		982E6F1125267D13008B12FB /* Products */ = {
			isa = PBXGroup;
			children = (
				982E6F1025267D13008B12FB /* Artable2.app */,
			);
			name = Products;
			sourceTree = "<group>";
		};
		982E6F1225267D13008B12FB /* Artable2 */ = {
			isa = PBXGroup;
			children = (
				982E6F1325267D13008B12FB /* AppDelegate.swift */,
				982E6F1525267D13008B12FB /* SceneDelegate.swift */,
				982E6F1725267D13008B12FB /* ViewController.swift */,
				982E6F1925267D13008B12FB /* Main.storyboard */,
				982E6F1C25267D14008B12FB /* Assets.xcassets */,
				982E6F1E25267D14008B12FB /* LaunchScreen.storyboard */,
				982E6F2125267D14008B12FB /* Info.plist */,
			);
			path = Artable2;
			sourceTree = "<group>";
		};
/* End PBXGroup section */

/* Begin PBXNativeTarget section */
		982E6F0F25267D13008B12FB /* Artable2 */ = {
			isa = PBXNativeTarget;
			buildConfigurationList = 982E6F2425267D14008B12FB /* Build configuration list for PBXNativeTarget "Artable2" */;
			buildPhases = (
				8B8067F2D898355C7CCEBA79 /* [CP] Check Pods Manifest.lock */,
				982E6F0C25267D13008B12FB /* Sources */,
				982E6F0D25267D13008B12FB /* Frameworks */,
				982E6F0E25267D13008B12FB /* Resources */,
				A2B67EF65B02FDDEAE416F11 /* [CP] Embed Pods Frameworks */,
			);
			buildRules = (
			);
			dependencies = (
			);
			name = Artable2;
			productName = Artable2;
			productReference = 982E6F1025267D13008B12FB /* Artable2.app */;
			productType = "com.apple.product-type.application";
		};
/* End PBXNativeTarget section */

/* Begin PBXProject section */
		982E6F0825267D13008B12FB /* Project object */ = {
			isa = PBXProject;
			attributes = {
				LastSwiftUpdateCheck = 1220;
				LastUpgradeCheck = 1220;
				TargetAttributes = {
					982E6F0F25267D13008B12FB = {
						CreatedOnToolsVersion = 12.2;
					};
				};
			};
			buildConfigurationList = 982E6F0B25267D13008B12FB /* Build configuration list for PBXProject "Artable2" */;
			compatibilityVersion = "Xcode 9.3";
			developmentRegion = en;
			hasScannedForEncodings = 0;
			knownRegions = (
				en,
				Base,
			);
			mainGroup = 982E6F0725267D13008B12FB;
			productRefGroup = 982E6F1125267D13008B12FB /* Products */;
			projectDirPath = "";
			projectRoot = "";
			targets = (
				982E6F0F25267D13008B12FB /* Artable2 */,
			);
		};
/* End PBXProject section */

/* Begin PBXResourcesBuildPhase section */
		982E6F0E25267D13008B12FB /* Resources */ = {
			isa = PBXResourcesBuildPhase;
			buildActionMask = 2147483647;
			files = (
				982E6F2025267D14008B12FB /* LaunchScreen.storyboard in Resources */,
				982E6F1D25267D14008B12FB /* Assets.xcassets in Resources */,
				982E6F1B25267D13008B12FB /* Main.storyboard in Resources */,
			);
			runOnlyForDeploymentPostprocessing = 0;
		};
/* End PBXResourcesBuildPhase section */

/* Begin PBXShellScriptBuildPhase section */
		8B8067F2D898355C7CCEBA79 /* [CP] Check Pods Manifest.lock */ = {
			isa = PBXShellScriptBuildPhase;
			buildActionMask = 2147483647;
			files = (
			);
			inputFileListPaths = (
			);
			inputPaths = (
				"${PODS_PODFILE_DIR_PATH}/Podfile.lock",
				"${PODS_ROOT}/Manifest.lock",
			);
			name = "[CP] Check Pods Manifest.lock";
			outputFileListPaths = (
			);
			outputPaths = (
				"$(DERIVED_FILE_DIR)/Pods-Artable2-checkManifestLockResult.txt",
			);
			runOnlyForDeploymentPostprocessing = 0;
			shellPath = /bin/sh;
			shellScript = "diff \"${PODS_PODFILE_DIR_PATH}/Podfile.lock\" \"${PODS_ROOT}/Manifest.lock\" > /dev/null\nif [ $? != 0 ] ; then\n    # print error to STDERR\n    echo \"error: The sandbox is not in sync with the Podfile.lock. Run 'pod install' or update your CocoaPods installation.\" >&2\n    exit 1\nfi\n# This output is used by Xcode 'outputs' to avoid re-running this script phase.\necho \"SUCCESS\" > \"${SCRIPT_OUTPUT_FILE_0}\"\n";
			showEnvVarsInLog = 0;
		};
		A2B67EF65B02FDDEAE416F11 /* [CP] Embed Pods Frameworks */ = {
			isa = PBXShellScriptBuildPhase;
			buildActionMask = 2147483647;
			files = (
			);
			inputFileListPaths = (
				"${PODS_ROOT}/Target Support Files/Pods-Artable2/Pods-Artable2-frameworks-${CONFIGURATION}-input-files.xcfilelist",
			);
			name = "[CP] Embed Pods Frameworks";
			outputFileListPaths = (
				"${PODS_ROOT}/Target Support Files/Pods-Artable2/Pods-Artable2-frameworks-${CONFIGURATION}-output-files.xcfilelist",
			);
			runOnlyForDeploymentPostprocessing = 0;
			shellPath = /bin/sh;
			shellScript = "\"${PODS_ROOT}/Target Support Files/Pods-Artable2/Pods-Artable2-frameworks.sh\"\n";
			showEnvVarsInLog = 0;
		};
/* End PBXShellScriptBuildPhase section */

/* Begin PBXSourcesBuildPhase section */
		982E6F0C25267D13008B12FB /* Sources */ = {
			isa = PBXSourcesBuildPhase;
			buildActionMask = 2147483647;
			files = (
				982E6F1825267D13008B12FB /* ViewController.swift in Sources */,
				982E6F1425267D13008B12FB /* AppDelegate.swift in Sources */,
				982E6F1625267D13008B12FB /* SceneDelegate.swift in Sources */,
			);
			runOnlyForDeploymentPostprocessing = 0;
		};
/* End PBXSourcesBuildPhase section */

/* Begin PBXVariantGroup section */
		982E6F1925267D13008B12FB /* Main.storyboard */ = {
			isa = PBXVariantGroup;
			children = (
				982E6F1A25267D13008B12FB /* Base */,
			);
			name = Main.storyboard;
			sourceTree = "<group>";
		};
		982E6F1E25267D14008B12FB /* LaunchScreen.storyboard */ = {
			isa = PBXVariantGroup;
			children = (
				982E6F1F25267D14008B12FB /* Base */,
			);
			name = LaunchScreen.storyboard;
			sourceTree = "<group>";
		};
/* End PBXVariantGroup section */

/* Begin XCBuildConfiguration section */
		982E6F2225267D14008B12FB /* Debug */ = {
			isa = XCBuildConfiguration;
			buildSettings = {
				ALWAYS_SEARCH_USER_PATHS = NO;
				CLANG_ANALYZER_NONNULL = YES;
				CLANG_ANALYZER_NUMBER_OBJECT_CONVERSION = YES_AGGRESSIVE;
				CLANG_CXX_LANGUAGE_STANDARD = "gnu++14";
				CLANG_CXX_LIBRARY = "libc++";
				CLANG_ENABLE_MODULES = YES;
				CLANG_ENABLE_OBJC_ARC = YES;
				CLANG_ENABLE_OBJC_WEAK = YES;
				CLANG_WARN_BLOCK_CAPTURE_AUTORELEASING = YES;
				CLANG_WARN_BOOL_CONVERSION = YES;
				CLANG_WARN_COMMA = YES;
				CLANG_WARN_CONSTANT_CONVERSION = YES;
				CLANG_WARN_DEPRECATED_OBJC_IMPLEMENTATIONS = YES;
				CLANG_WARN_DIRECT_OBJC_ISA_USAGE = YES_ERROR;
				CLANG_WARN_DOCUMENTATION_COMMENTS = YES;
				CLANG_WARN_EMPTY_BODY = YES;
				CLANG_WARN_ENUM_CONVERSION = YES;
				CLANG_WARN_INFINITE_RECURSION = YES;
				CLANG_WARN_INT_CONVERSION = YES;
				CLANG_WARN_NON_LITERAL_NULL_CONVERSION = YES;
				CLANG_WARN_OBJC_IMPLICIT_RETAIN_SELF = YES;
				CLANG_WARN_OBJC_LITERAL_CONVERSION = YES;
				CLANG_WARN_OBJC_ROOT_CLASS = YES_ERROR;
				CLANG_WARN_QUOTED_INCLUDE_IN_FRAMEWORK_HEADER = YES;
				CLANG_WARN_RANGE_LOOP_ANALYSIS = YES;
				CLANG_WARN_STRICT_PROTOTYPES = YES;
				CLANG_WARN_SUSPICIOUS_MOVE = YES;
				CLANG_WARN_UNGUARDED_AVAILABILITY = YES_AGGRESSIVE;
				CLANG_WARN_UNREACHABLE_CODE = YES;
				CLANG_WARN__DUPLICATE_METHOD_MATCH = YES;
				COPY_PHASE_STRIP = NO;
				DEBUG_INFORMATION_FORMAT = dwarf;
				ENABLE_STRICT_OBJC_MSGSEND = YES;
				ENABLE_TESTABILITY = YES;
				GCC_C_LANGUAGE_STANDARD = gnu11;
				GCC_DYNAMIC_NO_PIC = NO;
				GCC_NO_COMMON_BLOCKS = YES;
				GCC_OPTIMIZATION_LEVEL = 0;
				GCC_PREPROCESSOR_DEFINITIONS = (
					"DEBUG=1",
					"$(inherited)",
				);
				GCC_WARN_64_TO_32_BIT_CONVERSION = YES;
				GCC_WARN_ABOUT_RETURN_TYPE = YES_ERROR;
				GCC_WARN_UNDECLARED_SELECTOR = YES;
				GCC_WARN_UNINITIALIZED_AUTOS = YES_AGGRESSIVE;
				GCC_WARN_UNUSED_FUNCTION = YES;
				GCC_WARN_UNUSED_VARIABLE = YES;
				IPHONEOS_DEPLOYMENT_TARGET = 14.2;
				MTL_ENABLE_DEBUG_INFO = INCLUDE_SOURCE;
				MTL_FAST_MATH = YES;
				ONLY_ACTIVE_ARCH = YES;
				SDKROOT = iphoneos;
				SWIFT_ACTIVE_COMPILATION_CONDITIONS = DEBUG;
				SWIFT_OPTIMIZATION_LEVEL = "-Onone";
			};
			name = Debug;
		};
		982E6F2325267D14008B12FB /* Release */ = {
			isa = XCBuildConfiguration;
			buildSettings = {
				ALWAYS_SEARCH_USER_PATHS = NO;
				CLANG_ANALYZER_NONNULL = YES;
				CLANG_ANALYZER_NUMBER_OBJECT_CONVERSION = YES_AGGRESSIVE;
				CLANG_CXX_LANGUAGE_STANDARD = "gnu++14";
				CLANG_CXX_LIBRARY = "libc++";
				CLANG_ENABLE_MODULES = YES;
				CLANG_ENABLE_OBJC_ARC = YES;
				CLANG_ENABLE_OBJC_WEAK = YES;
				CLANG_WARN_BLOCK_CAPTURE_AUTORELEASING = YES;
				CLANG_WARN_BOOL_CONVERSION = YES;
				CLANG_WARN_COMMA = YES;
				CLANG_WARN_CONSTANT_CONVERSION = YES;
				CLANG_WARN_DEPRECATED_OBJC_IMPLEMENTATIONS = YES;
				CLANG_WARN_DIRECT_OBJC_ISA_USAGE = YES_ERROR;
				CLANG_WARN_DOCUMENTATION_COMMENTS = YES;
				CLANG_WARN_EMPTY_BODY = YES;
				CLANG_WARN_ENUM_CONVERSION = YES;
				CLANG_WARN_INFINITE_RECURSION = YES;
				CLANG_WARN_INT_CONVERSION = YES;
				CLANG_WARN_NON_LITERAL_NULL_CONVERSION = YES;
				CLANG_WARN_OBJC_IMPLICIT_RETAIN_SELF = YES;
				CLANG_WARN_OBJC_LITERAL_CONVERSION = YES;
				CLANG_WARN_OBJC_ROOT_CLASS = YES_ERROR;
				CLANG_WARN_QUOTED_INCLUDE_IN_FRAMEWORK_HEADER = YES;
				CLANG_WARN_RANGE_LOOP_ANALYSIS = YES;
				CLANG_WARN_STRICT_PROTOTYPES = YES;
				CLANG_WARN_SUSPICIOUS_MOVE = YES;
				CLANG_WARN_UNGUARDED_AVAILABILITY = YES_AGGRESSIVE;
				CLANG_WARN_UNREACHABLE_CODE = YES;
				CLANG_WARN__DUPLICATE_METHOD_MATCH = YES;
				COPY_PHASE_STRIP = NO;
				DEBUG_INFORMATION_FORMAT = "dwarf-with-dsym";
				ENABLE_NS_ASSERTIONS = NO;
				ENABLE_STRICT_OBJC_MSGSEND = YES;
				GCC_C_LANGUAGE_STANDARD = gnu11;
				GCC_NO_COMMON_BLOCKS = YES;
				GCC_WARN_64_TO_32_BIT_CONVERSION = YES;
				GCC_WARN_ABOUT_RETURN_TYPE = YES_ERROR;
				GCC_WARN_UNDECLARED_SELECTOR = YES;
				GCC_WARN_UNINITIALIZED_AUTOS = YES_AGGRESSIVE;
				GCC_WARN_UNUSED_FUNCTION = YES;
				GCC_WARN_UNUSED_VARIABLE = YES;
				IPHONEOS_DEPLOYMENT_TARGET = 14.2;
				MTL_ENABLE_DEBUG_INFO = NO;
				MTL_FAST_MATH = YES;
				SDKROOT = iphoneos;
				SWIFT_COMPILATION_MODE = wholemodule;
				SWIFT_OPTIMIZATION_LEVEL = "-O";
				VALIDATE_PRODUCT = YES;
			};
			name = Release;
		};
		982E6F2525267D14008B12FB /* Debug */ = {
			isa = XCBuildConfiguration;
			baseConfigurationReference = A20B0E187337081BBB5BAE61 /* Pods-Artable2.debug.xcconfig */;
			buildSettings = {
				ASSETCATALOG_COMPILER_APPICON_NAME = AppIcon;
				ASSETCATALOG_COMPILER_GLOBAL_ACCENT_COLOR_NAME = AccentColor;
				CODE_SIGN_STYLE = Automatic;
				DEVELOPMENT_TEAM = RTLF7UB597;
				INFOPLIST_FILE = Artable2/Info.plist;
				IPHONEOS_DEPLOYMENT_TARGET = 13.0;
				LD_RUNPATH_SEARCH_PATHS = (
					"$(inherited)",
					"@executable_path/Frameworks",
				);
				PRODUCT_BUNDLE_IDENTIFIER = net.swiftsense.Artable2;
				PRODUCT_NAME = "$(TARGET_NAME)";
				SWIFT_VERSION = 5.0;
				TARGETED_DEVICE_FAMILY = "1,2";
			};
			name = Debug;
		};
		982E6F2625267D14008B12FB /* Release */ = {
			isa = XCBuildConfiguration;
			baseConfigurationReference = AE60044F0271FAC491482FBE /* Pods-Artable2.release.xcconfig */;
			buildSettings = {
				ASSETCATALOG_COMPILER_APPICON_NAME = AppIcon;
				ASSETCATALOG_COMPILER_GLOBAL_ACCENT_COLOR_NAME = AccentColor;
				CODE_SIGN_STYLE = Automatic;
				DEVELOPMENT_TEAM = RTLF7UB597;
				INFOPLIST_FILE = Artable2/Info.plist;
				IPHONEOS_DEPLOYMENT_TARGET = 13.0;
				LD_RUNPATH_SEARCH_PATHS = (
					"$(inherited)",
					"@executable_path/Frameworks",
				);
				PRODUCT_BUNDLE_IDENTIFIER = net.swiftsense.Artable2;
				PRODUCT_NAME = "$(TARGET_NAME)";
				SWIFT_VERSION = 5.0;
				TARGETED_DEVICE_FAMILY = "1,2";
			};
			name = Release;
		};
/* End XCBuildConfiguration section */

/* Begin XCConfigurationList section */
		982E6F0B25267D13008B12FB /* Build configuration list for PBXProject "Artable2" */ = {
			isa = XCConfigurationList;
			buildConfigurations = (
				982E6F2225267D14008B12FB /* Debug */,
				982E6F2325267D14008B12FB /* Release */,
			);
			defaultConfigurationIsVisible = 0;
			defaultConfigurationName = Release;
		};
		982E6F2425267D14008B12FB /* Build configuration list for PBXNativeTarget "Artable2" */ = {
			isa = XCConfigurationList;
			buildConfigurations = (
				982E6F2525267D14008B12FB /* Debug */,
				982E6F2625267D14008B12FB /* Release */,
			);
			defaultConfigurationIsVisible = 0;
			defaultConfigurationName = Release;
		};
/* End XCConfigurationList section */
	};
	rootObject = 982E6F0825267D13008B12FB /* Project object */;
}
